
Microsoft Visual Studio Solution File, Format Version 12.00
Project("{FAE04EC0-301F-11D3-BF4B-00C04F79EFBC}") = "PhotoGallery", "PhotoGallery\PhotoGallery.csproj", "{14123C2A-CBFD-4B47-A199-8D9D16F8F3CD}"
EndProject
Global
	GlobalSection(SolutionConfigurationPlatforms) = preSolution
		Debug|Any CPU = Debug|Any CPU
		Release|Any CPU = Release|Any CPU
	EndGlobalSection
	GlobalSection(ProjectConfigurationPlatforms) = postSolution
		{14123C2A-CBFD-4B47-A199-8D9D16F8F3CD}.Debug|Any CPU.ActiveCfg = Debug|Any CPU
		{14123C2A-CBFD-4B47-A199-8D9D16F8F3CD}.Debug|Any CPU.Build.0 = Debug|Any CPU
		{14123C2A-CBFD-4B47-A199-8D9D16F8F3CD}.Release|Any CPU.ActiveCfg = Release|Any CPU
		{14123C2A-CBFD-4B47-A199-8D9D16F8F3CD}.Release|Any CPU.Build.0 = Release|Any CPU
	EndGlobalSection
EndGlobal
